
Microsoft Visual Studio Solution File, Format Version 12.00
# Visual Studio Version 17
VisualStudioVersion = 17.2.32526.322
MinimumVisualStudioVersion = 10.0.40219.1
Project("{FAE04EC0-301F-11D3-BF4B-00C04F79EFBC}") = "Minh-LinQ", "Minh-LinQ\Minh-LinQ.csproj", "{050BA6BB-D61F-4CE2-A20A-1322A0AECF71}"
EndProject
Global
	GlobalSection(SolutionConfigurationPlatforms) = preSolution
		Debug|Any CPU = Debug|Any CPU
		Release|Any CPU = Release|Any CPU
	EndGlobalSection
	GlobalSection(ProjectConfigurationPlatforms) = postSolution
		{050BA6BB-D61F-4CE2-A20A-1322A0AECF71}.Debug|Any CPU.ActiveCfg = Debug|Any CPU
		{050BA6BB-D61F-4CE2-A20A-1322A0AECF71}.Debug|Any CPU.Build.0 = Debug|Any CPU
		{050BA6BB-D61F-4CE2-A20A-1322A0AECF71}.Release|Any CPU.ActiveCfg = Release|Any CPU
		{050BA6BB-D61F-4CE2-A20A-1322A0AECF71}.Release|Any CPU.Build.0 = Release|Any CPU
	EndGlobalSection
	GlobalSection(SolutionProperties) = preSolution
		HideSolutionNode = FALSE
	EndGlobalSection
	GlobalSection(ExtensibilityGlobals) = postSolution
		SolutionGuid = {F455DA6B-5CEE-458E-82E4-CB512F9C2923}
	EndGlobalSection
EndGlobal
